// !$*UTF8*$!
{
	archiveVersion = 1;
	classes = {
	};
	objectVersion = 56;
	objects = {

/* Begin PBXBuildFile section */
		7BEEDBFB2A2A2B030004C73D /* AppDelegate.swift in Sources */ = {isa = PBXBuildFile; fileRef = 7BEEDBFA2A2A2B030004C73D /* AppDelegate.swift */; };
		7BEEDBFF2A2A2B030004C73D /* ViewController.swift in Sources */ = {isa = PBXBuildFile; fileRef = 7BEEDBFE2A2A2B030004C73D /* ViewController.swift */; };
		7BEEDC042A2A2B040004C73D /* Assets.xcassets in Resources */ = {isa = PBXBuildFile; fileRef = 7BEEDC032A2A2B040004C73D /* Assets.xcassets */; };
		7BEEDC0F2A2A2B5F0004C73D /* iPodScreenView.swift in Sources */ = {isa = PBXBuildFile; fileRef = 7BEEDC0E2A2A2B5F0004C73D /* iPodScreenView.swift */; };
		7BEEDC112A2A2D9C0004C73D /* Extensions.swift in Sources */ = {isa = PBXBuildFile; fileRef = 7BEEDC102A2A2D9C0004C73D /* Extensions.swift */; };
		7BEEDC132A2A30700004C73D /* iPodButtonsView.swift in Sources */ = {isa = PBXBuildFile; fileRef = 7BEEDC122A2A30700004C73D /* iPodButtonsView.swift */; };
		7BEEDC152A2A32250004C73D /* SelectButton.swift in Sources */ = {isa = PBXBuildFile; fileRef = 7BEEDC142A2A32250004C73D /* SelectButton.swift */; };
		7BEEDC412A2B19700004C73D /* iPodView.swift in Sources */ = {isa = PBXBuildFile; fileRef = 7BEEDC402A2B19700004C73D /* iPodView.swift */; };
/* End PBXBuildFile section */

/* Begin PBXFileReference section */
		7BEEDBF72A2A2B030004C73D /* iPod-View.app */ = {isa = PBXFileReference; explicitFileType = wrapper.application; includeInIndex = 0; path = "iPod-View.app"; sourceTree = BUILT_PRODUCTS_DIR; };
		7BEEDBFA2A2A2B030004C73D /* AppDelegate.swift */ = {isa = PBXFileReference; lastKnownFileType = sourcecode.swift; path = AppDelegate.swift; sourceTree = "<group>"; };
		7BEEDBFE2A2A2B030004C73D /* ViewController.swift */ = {isa = PBXFileReference; lastKnownFileType = sourcecode.swift; path = ViewController.swift; sourceTree = "<group>"; };
		7BEEDC032A2A2B040004C73D /* Assets.xcassets */ = {isa = PBXFileReference; lastKnownFileType = folder.assetcatalog; path = Assets.xcassets; sourceTree = "<group>"; };
		7BEEDC082A2A2B040004C73D /* Info.plist */ = {isa = PBXFileReference; lastKnownFileType = text.plist.xml; path = Info.plist; sourceTree = "<group>"; };
		7BEEDC0E2A2A2B5F0004C73D /* iPodScreenView.swift */ = {isa = PBXFileReference; lastKnownFileType = sourcecode.swift; path = iPodScreenView.swift; sourceTree = "<group>"; };
		7BEEDC102A2A2D9C0004C73D /* Extensions.swift */ = {isa = PBXFileReference; lastKnownFileType = sourcecode.swift; path = Extensions.swift; sourceTree = "<group>"; };
		7BEEDC122A2A30700004C73D /* iPodButtonsView.swift */ = {isa = PBXFileReference; lastKnownFileType = sourcecode.swift; path = iPodButtonsView.swift; sourceTree = "<group>"; };
		7BEEDC142A2A32250004C73D /* SelectButton.swift */ = {isa = PBXFileReference; lastKnownFileType = sourcecode.swift; path = SelectButton.swift; sourceTree = "<group>"; };
		7BEEDC402A2B19700004C73D /* iPodView.swift */ = {isa = PBXFileReference; lastKnownFileType = sourcecode.swift; path = iPodView.swift; sourceTree = "<group>"; };
/* End PBXFileReference section */

/* Begin PBXFrameworksBuildPhase section */
		7BEEDBF42A2A2B030004C73D /* Frameworks */ = {
			isa = PBXFrameworksBuildPhase;
			buildActionMask = 2147483647;
			files = (
			);
			runOnlyForDeploymentPostprocessing = 0;
		};
/* End PBXFrameworksBuildPhase section */

/* Begin PBXGroup section */
		7BEEDBEE2A2A2B030004C73D = {
			isa = PBXGroup;
			children = (
				7BEEDBF92A2A2B030004C73D /* iPod-View */,
				7BEEDBF82A2A2B030004C73D /* Products */,
			);
			sourceTree = "<group>";
		};
		7BEEDBF82A2A2B030004C73D /* Products */ = {
			isa = PBXGroup;
			children = (
				7BEEDBF72A2A2B030004C73D /* iPod-View.app */,
			);
			name = Products;
			sourceTree = "<group>";
		};
		7BEEDBF92A2A2B030004C73D /* iPod-View */ = {
			isa = PBXGroup;
			children = (
				7BEEDBFA2A2A2B030004C73D /* AppDelegate.swift */,
				7BEEDC0E2A2A2B5F0004C73D /* iPodScreenView.swift */,
				7BEEDC402A2B19700004C73D /* iPodView.swift */,
				7BEEDBFE2A2A2B030004C73D /* ViewController.swift */,
				7BEEDC122A2A30700004C73D /* iPodButtonsView.swift */,
				7BEEDC142A2A32250004C73D /* SelectButton.swift */,
				7BEEDC102A2A2D9C0004C73D /* Extensions.swift */,
				7BEEDC032A2A2B040004C73D /* Assets.xcassets */,
				7BEEDC082A2A2B040004C73D /* Info.plist */,
			);
			path = "iPod-View";
			sourceTree = "<group>";
		};
/* End PBXGroup section */

/* Begin PBXNativeTarget section */
		7BEEDBF62A2A2B030004C73D /* iPod-View */ = {
			isa = PBXNativeTarget;
			buildConfigurationList = 7BEEDC0B2A2A2B040004C73D /* Build configuration list for PBXNativeTarget "iPod-View" */;
			buildPhases = (
				7BEEDBF32A2A2B030004C73D /* Sources */,
				7BEEDBF42A2A2B030004C73D /* Frameworks */,
				7BEEDBF52A2A2B030004C73D /* Resources */,
			);
			buildRules = (
			);
			dependencies = (
			);
			name = "iPod-View";
			productName = "iPod-View";
			productReference = 7BEEDBF72A2A2B030004C73D /* iPod-View.app */;
			productType = "com.apple.product-type.application";
		};
/* End PBXNativeTarget section */

/* Begin PBXProject section */
		7BEEDBEF2A2A2B030004C73D /* Project object */ = {
			isa = PBXProject;
			attributes = {
				BuildIndependentTargetsInParallel = 1;
				LastSwiftUpdateCheck = 1430;
				LastUpgradeCheck = 1430;
				TargetAttributes = {
					7BEEDBF62A2A2B030004C73D = {
						CreatedOnToolsVersion = 14.3;
					};
				};
			};
			buildConfigurationList = 7BEEDBF22A2A2B030004C73D /* Build configuration list for PBXProject "iPod-View" */;
			compatibilityVersion = "Xcode 14.0";
			developmentRegion = en;
			hasScannedForEncodings = 0;
			knownRegions = (
				en,
				Base,
			);
			mainGroup = 7BEEDBEE2A2A2B030004C73D;
			productRefGroup = 7BEEDBF82A2A2B030004C73D /* Products */;
			projectDirPath = "";
			projectRoot = "";
			targets = (
				7BEEDBF62A2A2B030004C73D /* iPod-View */,
			);
		};
/* End PBXProject section */

/* Begin PBXResourcesBuildPhase section */
		7BEEDBF52A2A2B030004C73D /* Resources */ = {
			isa = PBXResourcesBuildPhase;
			buildActionMask = 2147483647;
			files = (
				7BEEDC042A2A2B040004C73D /* Assets.xcassets in Resources */,
			);
			runOnlyForDeploymentPostprocessing = 0;
		};
/* End PBXResourcesBuildPhase section */

/* Begin PBXSourcesBuildPhase section */
		7BEEDBF32A2A2B030004C73D /* Sources */ = {
			isa = PBXSourcesBuildPhase;
			buildActionMask = 2147483647;
			files = (
				7BEEDC412A2B19700004C73D /* iPodView.swift in Sources */,
				7BEEDC132A2A30700004C73D /* iPodButtonsView.swift in Sources */,
				7BEEDC0F2A2A2B5F0004C73D /* iPodScreenView.swift in Sources */,
				7BEEDBFF2A2A2B030004C73D /* ViewController.swift in Sources */,
				7BEEDC152A2A32250004C73D /* SelectButton.swift in Sources */,
				7BEEDBFB2A2A2B030004C73D /* AppDelegate.swift in Sources */,
				7BEEDC112A2A2D9C0004C73D /* Extensions.swift in Sources */,
			);
			runOnlyForDeploymentPostprocessing = 0;
		};
/* End PBXSourcesBuildPhase section */

/* Begin XCBuildConfiguration section */
		7BEEDC092A2A2B040004C73D /* Debug */ = {
			isa = XCBuildConfiguration;
			buildSettings = {
				ALWAYS_SEARCH_USER_PATHS = NO;
				CLANG_ANALYZER_NONNULL = YES;
				CLANG_ANALYZER_NUMBER_OBJECT_CONVERSION = YES_AGGRESSIVE;
				CLANG_CXX_LANGUAGE_STANDARD = "gnu++20";
				CLANG_ENABLE_MODULES = YES;
				CLANG_ENABLE_OBJC_ARC = YES;
				CLANG_ENABLE_OBJC_WEAK = YES;
				CLANG_WARN_BLOCK_CAPTURE_AUTORELEASING = YES;
				CLANG_WARN_BOOL_CONVERSION = YES;
				CLANG_WARN_COMMA = YES;
				CLANG_WARN_CONSTANT_CONVERSION = YES;
				CLANG_WARN_DEPRECATED_OBJC_IMPLEMENTATIONS = YES;
				CLANG_WARN_DIRECT_OBJC_ISA_USAGE = YES_ERROR;
				CLANG_WARN_DOCUMENTATION_COMMENTS = YES;
				CLANG_WARN_EMPTY_BODY = YES;
				CLANG_WARN_ENUM_CONVERSION = YES;
				CLANG_WARN_INFINITE_RECURSION = YES;
				CLANG_WARN_INT_CONVERSION = YES;
				CLANG_WARN_NON_LITERAL_NULL_CONVERSION = YES;
				CLANG_WARN_OBJC_IMPLICIT_RETAIN_SELF = YES;
				CLANG_WARN_OBJC_LITERAL_CONVERSION = YES;
				CLANG_WARN_OBJC_ROOT_CLASS = YES_ERROR;
				CLANG_WARN_QUOTED_INCLUDE_IN_FRAMEWORK_HEADER = YES;
				CLANG_WARN_RANGE_LOOP_ANALYSIS = YES;
				CLANG_WARN_STRICT_PROTOTYPES = YES;
				CLANG_WARN_SUSPICIOUS_MOVE = YES;
				CLANG_WARN_UNGUARDED_AVAILABILITY = YES_AGGRESSIVE;
				CLANG_WARN_UNREACHABLE_CODE = YES;
				CLANG_WARN__DUPLICATE_METHOD_MATCH = YES;
				COPY_PHASE_STRIP = NO;
				DEBUG_INFORMATION_FORMAT = dwarf;
				ENABLE_STRICT_OBJC_MSGSEND = YES;
				ENABLE_TESTABILITY = YES;
				GCC_C_LANGUAGE_STANDARD = gnu11;
				GCC_DYNAMIC_NO_PIC = NO;
				GCC_NO_COMMON_BLOCKS = YES;
				GCC_OPTIMIZATION_LEVEL = 0;
				GCC_PREPROCESSOR_DEFINITIONS = (
					"DEBUG=1",
					"$(inherited)",
				);
				GCC_WARN_64_TO_32_BIT_CONVERSION = YES;
				GCC_WARN_ABOUT_RETURN_TYPE = YES_ERROR;
				GCC_WARN_UNDECLARED_SELECTOR = YES;
				GCC_WARN_UNINITIALIZED_AUTOS = YES_AGGRESSIVE;
				GCC_WARN_UNUSED_FUNCTION = YES;
				GCC_WARN_UNUSED_VARIABLE = YES;
				IPHONEOS_DEPLOYMENT_TARGET = 16.4;
				MTL_ENABLE_DEBUG_INFO = INCLUDE_SOURCE;
				MTL_FAST_MATH = YES;
				ONLY_ACTIVE_ARCH = YES;
				SDKROOT = iphoneos;
				SWIFT_ACTIVE_COMPILATION_CONDITIONS = DEBUG;
				SWIFT_OPTIMIZATION_LEVEL = "-Onone";
			};
			name = Debug;
		};
		7BEEDC0A2A2A2B040004C73D /* Release */ = {
			isa = XCBuildConfiguration;
			buildSettings = {
				ALWAYS_SEARCH_USER_PATHS = NO;
				CLANG_ANALYZER_NONNULL = YES;
				CLANG_ANALYZER_NUMBER_OBJECT_CONVERSION = YES_AGGRESSIVE;
				CLANG_CXX_LANGUAGE_STANDARD = "gnu++20";
				CLANG_ENABLE_MODULES = YES;
				CLANG_ENABLE_OBJC_ARC = YES;
				CLANG_ENABLE_OBJC_WEAK = YES;
				CLANG_WARN_BLOCK_CAPTURE_AUTORELEASING = YES;
				CLANG_WARN_BOOL_CONVERSION = YES;
				CLANG_WARN_COMMA = YES;
				CLANG_WARN_CONSTANT_CONVERSION = YES;
				CLANG_WARN_DEPRECATED_OBJC_IMPLEMENTATIONS = YES;
				CLANG_WARN_DIRECT_OBJC_ISA_USAGE = YES_ERROR;
				CLANG_WARN_DOCUMENTATION_COMMENTS = YES;
				CLANG_WARN_EMPTY_BODY = YES;
				CLANG_WARN_ENUM_CONVERSION = YES;
				CLANG_WARN_INFINITE_RECURSION = YES;
				CLANG_WARN_INT_CONVERSION = YES;
				CLANG_WARN_NON_LITERAL_NULL_CONVERSION = YES;
				CLANG_WARN_OBJC_IMPLICIT_RETAIN_SELF = YES;
				CLANG_WARN_OBJC_LITERAL_CONVERSION = YES;
				CLANG_WARN_OBJC_ROOT_CLASS = YES_ERROR;
				CLANG_WARN_QUOTED_INCLUDE_IN_FRAMEWORK_HEADER = YES;
				CLANG_WARN_RANGE_LOOP_ANALYSIS = YES;
				CLANG_WARN_STRICT_PROTOTYPES = YES;
				CLANG_WARN_SUSPICIOUS_MOVE = YES;
				CLANG_WARN_UNGUARDED_AVAILABILITY = YES_AGGRESSIVE;
				CLANG_WARN_UNREACHABLE_CODE = YES;
				CLANG_WARN__DUPLICATE_METHOD_MATCH = YES;
				COPY_PHASE_STRIP = NO;
				DEBUG_INFORMATION_FORMAT = "dwarf-with-dsym";
				ENABLE_NS_ASSERTIONS = NO;
				ENABLE_STRICT_OBJC_MSGSEND = YES;
				GCC_C_LANGUAGE_STANDARD = gnu11;
				GCC_NO_COMMON_BLOCKS = YES;
				GCC_WARN_64_TO_32_BIT_CONVERSION = YES;
				GCC_WARN_ABOUT_RETURN_TYPE = YES_ERROR;
				GCC_WARN_UNDECLARED_SELECTOR = YES;
				GCC_WARN_UNINITIALIZED_AUTOS = YES_AGGRESSIVE;
				GCC_WARN_UNUSED_FUNCTION = YES;
				GCC_WARN_UNUSED_VARIABLE = YES;
				IPHONEOS_DEPLOYMENT_TARGET = 16.4;
				MTL_ENABLE_DEBUG_INFO = NO;
				MTL_FAST_MATH = YES;
				SDKROOT = iphoneos;
				SWIFT_COMPILATION_MODE = wholemodule;
				SWIFT_OPTIMIZATION_LEVEL = "-O";
				VALIDATE_PRODUCT = YES;
			};
			name = Release;
		};
		7BEEDC0C2A2A2B040004C73D /* Debug */ = {
			isa = XCBuildConfiguration;
			buildSettings = {
				ASSETCATALOG_COMPILER_APPICON_NAME = AppIcon;
				ASSETCATALOG_COMPILER_GLOBAL_ACCENT_COLOR_NAME = AccentColor;
				CODE_SIGN_STYLE = Automatic;
				CURRENT_PROJECT_VERSION = 1;
				DEVELOPMENT_TEAM = CV9BLWAD7R;
				GENERATE_INFOPLIST_FILE = YES;
				INFOPLIST_FILE = "iPod-View/Info.plist";
				INFOPLIST_KEY_UIApplicationSupportsIndirectInputEvents = YES;
				INFOPLIST_KEY_UILaunchStoryboardName = LaunchScreen;
				INFOPLIST_KEY_UISupportedInterfaceOrientations_iPad = "UIInterfaceOrientationPortrait UIInterfaceOrientationPortraitUpsideDown UIInterfaceOrientationLandscapeLeft UIInterfaceOrientationLandscapeRight";
				INFOPLIST_KEY_UISupportedInterfaceOrientations_iPhone = "UIInterfaceOrientationPortrait UIInterfaceOrientationLandscapeLeft UIInterfaceOrientationLandscapeRight";
				LD_RUNPATH_SEARCH_PATHS = (
					"$(inherited)",
					"@executable_path/Frameworks",
				);
				MARKETING_VERSION = 1.0;
				PRODUCT_BUNDLE_IDENTIFIER = "com.muhamadti.iPod-View";
				PRODUCT_NAME = "$(TARGET_NAME)";
				SWIFT_EMIT_LOC_STRINGS = YES;
				SWIFT_VERSION = 5.0;
				TARGETED_DEVICE_FAMILY = "1,2";
			};
			name = Debug;
		};
		7BEEDC0D2A2A2B040004C73D /* Release */ = {
			isa = XCBuildConfiguration;
			buildSettings = {
				ASSETCATALOG_COMPILER_APPICON_NAME = AppIcon;
				ASSETCATALOG_COMPILER_GLOBAL_ACCENT_COLOR_NAME = AccentColor;
				CODE_SIGN_STYLE = Automatic;
				CURRENT_PROJECT_VERSION = 1;
				DEVELOPMENT_TEAM = CV9BLWAD7R;
				GENERATE_INFOPLIST_FILE = YES;
				INFOPLIST_FILE = "iPod-View/Info.plist";
				INFOPLIST_KEY_UIApplicationSupportsIndirectInputEvents = YES;
				INFOPLIST_KEY_UILaunchStoryboardName = LaunchScreen;
				INFOPLIST_KEY_UISupportedInterfaceOrientations_iPad = "UIInterfaceOrientationPortrait UIInterfaceOrientationPortraitUpsideDown UIInterfaceOrientationLandscapeLeft UIInterfaceOrientationLandscapeRight";
				INFOPLIST_KEY_UISupportedInterfaceOrientations_iPhone = "UIInterfaceOrientationPortrait UIInterfaceOrientationLandscapeLeft UIInterfaceOrientationLandscapeRight";
				LD_RUNPATH_SEARCH_PATHS = (
					"$(inherited)",
					"@executable_path/Frameworks",
				);
				MARKETING_VERSION = 1.0;
				PRODUCT_BUNDLE_IDENTIFIER = "com.muhamadti.iPod-View";
				PRODUCT_NAME = "$(TARGET_NAME)";
				SWIFT_EMIT_LOC_STRINGS = YES;
				SWIFT_VERSION = 5.0;
				TARGETED_DEVICE_FAMILY = "1,2";
			};
			name = Release;
		};
/* End XCBuildConfiguration section */

/* Begin XCConfigurationList section */
		7BEEDBF22A2A2B030004C73D /* Build configuration list for PBXProject "iPod-View" */ = {
			isa = XCConfigurationList;
			buildConfigurations = (
				7BEEDC092A2A2B040004C73D /* Debug */,
				7BEEDC0A2A2A2B040004C73D /* Release */,
			);
			defaultConfigurationIsVisible = 0;
			defaultConfigurationName = Release;
		};
		7BEEDC0B2A2A2B040004C73D /* Build configuration list for PBXNativeTarget "iPod-View" */ = {
			isa = XCConfigurationList;
			buildConfigurations = (
				7BEEDC0C2A2A2B040004C73D /* Debug */,
				7BEEDC0D2A2A2B040004C73D /* Release */,
			);
			defaultConfigurationIsVisible = 0;
			defaultConfigurationName = Release;
		};
/* End XCConfigurationList section */
	};
	rootObject = 7BEEDBEF2A2A2B030004C73D /* Project object */;
}
